
Microsoft Visual Studio Solution File, Format Version 12.00
# Visual Studio Version 17
VisualStudioVersion = 17.14.36908.2
MinimumVisualStudioVersion = 10.0.40219.1
Project("{FAE04EC0-301F-11D3-BF4B-00C04F79EFBC}") = "Challenge_UBS.Web", "Challenge_UBS.Web\Challenge_UBS.Web.csproj", "{C816019A-0D4F-43E2-9366-6F2388EFE109}"
EndProject
Project("{FAE04EC0-301F-11D3-BF4B-00C04F79EFBC}") = "Challenge_UBS.Test", "Challenge_UBS.Test\Challenge_UBS.Test.csproj", "{DFA70F0D-4B09-4332-BEC6-FED67B66C6FB}"
EndProject
Project("{FAE04EC0-301F-11D3-BF4B-00C04F79EFBC}") = "Challenge_UBS.Application", "Challenge_UBS.Application\Challenge_UBS.Application.csproj", "{FE805734-83E8-46E8-9B4A-C42723FC875F}"
EndProject
Project("{FAE04EC0-301F-11D3-BF4B-00C04F79EFBC}") = "Challenge_UBS.Domain", "Challenge_UBS.Domain\Challenge_UBS.Domain.csproj", "{6309C559-B9A9-4B1E-B117-D47D9A691F0C}"
EndProject
Global
	GlobalSection(SolutionConfigurationPlatforms) = preSolution
		Debug|Any CPU = Debug|Any CPU
		Release|Any CPU = Release|Any CPU
	EndGlobalSection
	GlobalSection(ProjectConfigurationPlatforms) = postSolution
		{C816019A-0D4F-43E2-9366-6F2388EFE109}.Debug|Any CPU.ActiveCfg = Debug|Any CPU
		{C816019A-0D4F-43E2-9366-6F2388EFE109}.Debug|Any CPU.Build.0 = Debug|Any CPU
		{C816019A-0D4F-43E2-9366-6F2388EFE109}.Release|Any CPU.ActiveCfg = Release|Any CPU
		{C816019A-0D4F-43E2-9366-6F2388EFE109}.Release|Any CPU.Build.0 = Release|Any CPU
		{DFA70F0D-4B09-4332-BEC6-FED67B66C6FB}.Debug|Any CPU.ActiveCfg = Debug|Any CPU
		{DFA70F0D-4B09-4332-BEC6-FED67B66C6FB}.Debug|Any CPU.Build.0 = Debug|Any CPU
		{DFA70F0D-4B09-4332-BEC6-FED67B66C6FB}.Release|Any CPU.ActiveCfg = Release|Any CPU
		{DFA70F0D-4B09-4332-BEC6-FED67B66C6FB}.Release|Any CPU.Build.0 = Release|Any CPU
		{FE805734-83E8-46E8-9B4A-C42723FC875F}.Debug|Any CPU.ActiveCfg = Debug|Any CPU
		{FE805734-83E8-46E8-9B4A-C42723FC875F}.Debug|Any CPU.Build.0 = Debug|Any CPU
		{FE805734-83E8-46E8-9B4A-C42723FC875F}.Release|Any CPU.ActiveCfg = Release|Any CPU
		{FE805734-83E8-46E8-9B4A-C42723FC875F}.Release|Any CPU.Build.0 = Release|Any CPU
		{6309C559-B9A9-4B1E-B117-D47D9A691F0C}.Debug|Any CPU.ActiveCfg = Debug|Any CPU
		{6309C559-B9A9-4B1E-B117-D47D9A691F0C}.Debug|Any CPU.Build.0 = Debug|Any CPU
		{6309C559-B9A9-4B1E-B117-D47D9A691F0C}.Release|Any CPU.ActiveCfg = Release|Any CPU
		{6309C559-B9A9-4B1E-B117-D47D9A691F0C}.Release|Any CPU.Build.0 = Release|Any CPU
	EndGlobalSection
	GlobalSection(SolutionProperties) = preSolution
		HideSolutionNode = FALSE
	EndGlobalSection
	GlobalSection(ExtensibilityGlobals) = postSolution
		SolutionGuid = {120764F9-8C4B-4455-B7A8-008C832AAEA9}
	EndGlobalSection
EndGlobal
